// !$*UTF8*$!
{
	archiveVersion = 1;
	classes = {
	};
	objectVersion = 51;
	objects = {

/* Begin PBXBuildFile section */
		56056FDF244F8E750015BD10 /* MyTrailsTableViewCell.swift in Sources */ = {isa = PBXBuildFile; fileRef = 56056FDE244F8E750015BD10 /* MyTrailsTableViewCell.swift */; };
		56056FE1244F945C0015BD10 /* DetailViewController.swift in Sources */ = {isa = PBXBuildFile; fileRef = 56056FE0244F945C0015BD10 /* DetailViewController.swift */; };
		56056FE3244FA68C0015BD10 /* MapViewController.swift in Sources */ = {isa = PBXBuildFile; fileRef = 56056FE2244FA68C0015BD10 /* MapViewController.swift */; };
		569B86E50112816C9833E457 /* Pods_CSE_335_Project.framework in Frameworks */ = {isa = PBXBuildFile; fileRef = 593BB115DCC2A4213BAE58C2 /* Pods_CSE_335_Project.framework */; };
		56C47F1F244FC5C400FF1C1F /* NearbyViewController.swift in Sources */ = {isa = PBXBuildFile; fileRef = 56C47F1E244FC5C400FF1C1F /* NearbyViewController.swift */; };
		56C47F21244FCC2800FF1C1F /* CoreLocation.framework in Frameworks */ = {isa = PBXBuildFile; fileRef = 56C47F20244FCC2800FF1C1F /* CoreLocation.framework */; };
		56CD329F2426DE680097D76B /* AppDelegate.swift in Sources */ = {isa = PBXBuildFile; fileRef = 56CD329E2426DE680097D76B /* AppDelegate.swift */; };
		56CD32A12426DE680097D76B /* SceneDelegate.swift in Sources */ = {isa = PBXBuildFile; fileRef = 56CD32A02426DE680097D76B /* SceneDelegate.swift */; };
		56CD32A32426DE680097D76B /* ViewController.swift in Sources */ = {isa = PBXBuildFile; fileRef = 56CD32A22426DE680097D76B /* ViewController.swift */; };
		56CD32A62426DE680097D76B /* Main.storyboard in Resources */ = {isa = PBXBuildFile; fileRef = 56CD32A42426DE680097D76B /* Main.storyboard */; };
		56CD32A82426DE690097D76B /* Assets.xcassets in Resources */ = {isa = PBXBuildFile; fileRef = 56CD32A72426DE690097D76B /* Assets.xcassets */; };
		56CD32AB2426DE690097D76B /* LaunchScreen.storyboard in Resources */ = {isa = PBXBuildFile; fileRef = 56CD32A92426DE690097D76B /* LaunchScreen.storyboard */; };
		56CD32B32426DF180097D76B /* hiking.jpeg in Resources */ = {isa = PBXBuildFile; fileRef = 56CD32B22426DF180097D76B /* hiking.jpeg */; };
		56CD32B72426E1420097D76B /* Model.swift in Sources */ = {isa = PBXBuildFile; fileRef = 56CD32B62426E1420097D76B /* Model.swift */; };
		56CD32B92426E9190097D76B /* AddTrailViewController.swift in Sources */ = {isa = PBXBuildFile; fileRef = 56CD32B82426E9190097D76B /* AddTrailViewController.swift */; };
		56CD32BB2426EE550097D76B /* MyTrailsViewController.swift in Sources */ = {isa = PBXBuildFile; fileRef = 56CD32BA2426EE550097D76B /* MyTrailsViewController.swift */; };
		56E4677E244E9B6900986322 /* GoogleService-Info.plist in Resources */ = {isa = PBXBuildFile; fileRef = 56E4677D244E9B6900986322 /* GoogleService-Info.plist */; };
/* End PBXBuildFile section */

/* Begin PBXFileReference section */
		2858C8ADE686606790C65613 /* Pods-CSE 335 Project.debug.xcconfig */ = {isa = PBXFileReference; includeInIndex = 1; lastKnownFileType = text.xcconfig; name = "Pods-CSE 335 Project.debug.xcconfig"; path = "Target Support Files/Pods-CSE 335 Project/Pods-CSE 335 Project.debug.xcconfig"; sourceTree = "<group>"; };
		56056FDE244F8E750015BD10 /* MyTrailsTableViewCell.swift */ = {isa = PBXFileReference; lastKnownFileType = sourcecode.swift; path = MyTrailsTableViewCell.swift; sourceTree = "<group>"; };
		56056FE0244F945C0015BD10 /* DetailViewController.swift */ = {isa = PBXFileReference; lastKnownFileType = sourcecode.swift; path = DetailViewController.swift; sourceTree = "<group>"; };
		56056FE2244FA68C0015BD10 /* MapViewController.swift */ = {isa = PBXFileReference; lastKnownFileType = sourcecode.swift; path = MapViewController.swift; sourceTree = "<group>"; };
		56C47F1E244FC5C400FF1C1F /* NearbyViewController.swift */ = {isa = PBXFileReference; lastKnownFileType = sourcecode.swift; path = NearbyViewController.swift; sourceTree = "<group>"; };
		56C47F20244FCC2800FF1C1F /* CoreLocation.framework */ = {isa = PBXFileReference; lastKnownFileType = wrapper.framework; name = CoreLocation.framework; path = System/Library/Frameworks/CoreLocation.framework; sourceTree = SDKROOT; };
		56CD329B2426DE680097D76B /* CSE 335 Project.app */ = {isa = PBXFileReference; explicitFileType = wrapper.application; includeInIndex = 0; path = "CSE 335 Project.app"; sourceTree = BUILT_PRODUCTS_DIR; };
		56CD329E2426DE680097D76B /* AppDelegate.swift */ = {isa = PBXFileReference; lastKnownFileType = sourcecode.swift; path = AppDelegate.swift; sourceTree = "<group>"; };
		56CD32A02426DE680097D76B /* SceneDelegate.swift */ = {isa = PBXFileReference; lastKnownFileType = sourcecode.swift; path = SceneDelegate.swift; sourceTree = "<group>"; };
		56CD32A22426DE680097D76B /* ViewController.swift */ = {isa = PBXFileReference; lastKnownFileType = sourcecode.swift; path = ViewController.swift; sourceTree = "<group>"; };
		56CD32A52426DE680097D76B /* Base */ = {isa = PBXFileReference; lastKnownFileType = file.storyboard; name = Base; path = Base.lproj/Main.storyboard; sourceTree = "<group>"; };
		56CD32A72426DE690097D76B /* Assets.xcassets */ = {isa = PBXFileReference; lastKnownFileType = folder.assetcatalog; path = Assets.xcassets; sourceTree = "<group>"; };
		56CD32AA2426DE690097D76B /* Base */ = {isa = PBXFileReference; lastKnownFileType = file.storyboard; name = Base; path = Base.lproj/LaunchScreen.storyboard; sourceTree = "<group>"; };
		56CD32AC2426DE690097D76B /* Info.plist */ = {isa = PBXFileReference; lastKnownFileType = text.plist.xml; path = Info.plist; sourceTree = "<group>"; };
		56CD32B22426DF180097D76B /* hiking.jpeg */ = {isa = PBXFileReference; lastKnownFileType = image.jpeg; path = hiking.jpeg; sourceTree = "<group>"; };
		56CD32B62426E1420097D76B /* Model.swift */ = {isa = PBXFileReference; lastKnownFileType = sourcecode.swift; path = Model.swift; sourceTree = "<group>"; };
		56CD32B82426E9190097D76B /* AddTrailViewController.swift */ = {isa = PBXFileReference; lastKnownFileType = sourcecode.swift; path = AddTrailViewController.swift; sourceTree = "<group>"; };
		56CD32BA2426EE550097D76B /* MyTrailsViewController.swift */ = {isa = PBXFileReference; lastKnownFileType = sourcecode.swift; path = MyTrailsViewController.swift; sourceTree = "<group>"; };
		56E4677D244E9B6900986322 /* GoogleService-Info.plist */ = {isa = PBXFileReference; fileEncoding = 4; lastKnownFileType = text.plist.xml; path = "GoogleService-Info.plist"; sourceTree = "<group>"; };
		593BB115DCC2A4213BAE58C2 /* Pods_CSE_335_Project.framework */ = {isa = PBXFileReference; explicitFileType = wrapper.framework; includeInIndex = 0; path = Pods_CSE_335_Project.framework; sourceTree = BUILT_PRODUCTS_DIR; };
		A3AFFD04A02F82B51099CC16 /* Pods-CSE 335 Project.release.xcconfig */ = {isa = PBXFileReference; includeInIndex = 1; lastKnownFileType = text.xcconfig; name = "Pods-CSE 335 Project.release.xcconfig"; path = "Target Support Files/Pods-CSE 335 Project/Pods-CSE 335 Project.release.xcconfig"; sourceTree = "<group>"; };
/* End PBXFileReference section */

/* Begin PBXFrameworksBuildPhase section */
		56CD32982426DE680097D76B /* Frameworks */ = {
			isa = PBXFrameworksBuildPhase;
			buildActionMask = 2147483647;
			files = (
				56C47F21244FCC2800FF1C1F /* CoreLocation.framework in Frameworks */,
				569B86E50112816C9833E457 /* Pods_CSE_335_Project.framework in Frameworks */,
			);
			runOnlyForDeploymentPostprocessing = 0;
		};
/* End PBXFrameworksBuildPhase section */

/* Begin PBXGroup section */
		46731B8A04697F9E2CD12E17 /* Frameworks */ = {
			isa = PBXGroup;
			children = (
				56C47F20244FCC2800FF1C1F /* CoreLocation.framework */,
				593BB115DCC2A4213BAE58C2 /* Pods_CSE_335_Project.framework */,
			);
			name = Frameworks;
			sourceTree = "<group>";
		};
		56C47F2424500B8800FF1C1F /* ViewControllers */ = {
			isa = PBXGroup;
			children = (
				56CD32A22426DE680097D76B /* ViewController.swift */,
				56C47F1E244FC5C400FF1C1F /* NearbyViewController.swift */,
				56CD32B82426E9190097D76B /* AddTrailViewController.swift */,
				56CD32BA2426EE550097D76B /* MyTrailsViewController.swift */,
				56056FE0244F945C0015BD10 /* DetailViewController.swift */,
				56056FE2244FA68C0015BD10 /* MapViewController.swift */,
			);
			path = ViewControllers;
			sourceTree = "<group>";
		};
		56C47F2524500BCA00FF1C1F /* Model */ = {
			isa = PBXGroup;
			children = (
				56CD32B62426E1420097D76B /* Model.swift */,
			);
			path = Model;
			sourceTree = "<group>";
		};
		56C47F2624500BED00FF1C1F /* TableViewCell */ = {
			isa = PBXGroup;
			children = (
				56056FDE244F8E750015BD10 /* MyTrailsTableViewCell.swift */,
			);
			path = TableViewCell;
			sourceTree = "<group>";
		};
		56CD32922426DE680097D76B = {
			isa = PBXGroup;
			children = (
				56CD329D2426DE680097D76B /* CSE 335 Project */,
				56CD329C2426DE680097D76B /* Products */,
				84418C9B8C0DD803377132F1 /* Pods */,
				46731B8A04697F9E2CD12E17 /* Frameworks */,
			);
			sourceTree = "<group>";
		};
		56CD329C2426DE680097D76B /* Products */ = {
			isa = PBXGroup;
			children = (
				56CD329B2426DE680097D76B /* CSE 335 Project.app */,
			);
			name = Products;
			sourceTree = "<group>";
		};
		56CD329D2426DE680097D76B /* CSE 335 Project */ = {
			isa = PBXGroup;
			children = (
				56CD329E2426DE680097D76B /* AppDelegate.swift */,
				56CD32A02426DE680097D76B /* SceneDelegate.swift */,
				56C47F2524500BCA00FF1C1F /* Model */,
				56C47F2424500B8800FF1C1F /* ViewControllers */,
				56C47F2624500BED00FF1C1F /* TableViewCell */,
				56CD32A42426DE680097D76B /* Main.storyboard */,
				56CD32A72426DE690097D76B /* Assets.xcassets */,
				56CD32A92426DE690097D76B /* LaunchScreen.storyboard */,
				56CD32AC2426DE690097D76B /* Info.plist */,
				56E4677D244E9B6900986322 /* GoogleService-Info.plist */,
				56CD32B22426DF180097D76B /* hiking.jpeg */,
			);
			path = "CSE 335 Project";
			sourceTree = "<group>";
		};
		84418C9B8C0DD803377132F1 /* Pods */ = {
			isa = PBXGroup;
			children = (
				2858C8ADE686606790C65613 /* Pods-CSE 335 Project.debug.xcconfig */,
				A3AFFD04A02F82B51099CC16 /* Pods-CSE 335 Project.release.xcconfig */,
			);
			path = Pods;
			sourceTree = "<group>";
		};
/* End PBXGroup section */

/* Begin PBXNativeTarget section */
		56CD329A2426DE680097D76B /* CSE 335 Project */ = {
			isa = PBXNativeTarget;
			buildConfigurationList = 56CD32AF2426DE690097D76B /* Build configuration list for PBXNativeTarget "CSE 335 Project" */;
			buildPhases = (
				DE1C9FAB7F0DAB7074818B83 /* [CP] Check Pods Manifest.lock */,
				56CD32972426DE680097D76B /* Sources */,
				56CD32982426DE680097D76B /* Frameworks */,
				56CD32992426DE680097D76B /* Resources */,
				8F6F76556838F593BBC3D6F6 /* [CP] Embed Pods Frameworks */,
			);
			buildRules = (
			);
			dependencies = (
			);
			name = "CSE 335 Project";
			productName = "CSE 335 Project";
			productReference = 56CD329B2426DE680097D76B /* CSE 335 Project.app */;
			productType = "com.apple.product-type.application";
		};
/* End PBXNativeTarget section */

/* Begin PBXProject section */
		56CD32932426DE680097D76B /* Project object */ = {
			isa = PBXProject;
			attributes = {
				LastSwiftUpdateCheck = 1130;
				LastUpgradeCheck = 1130;
				ORGANIZATIONNAME = ASU;
				TargetAttributes = {
					56CD329A2426DE680097D76B = {
						CreatedOnToolsVersion = 11.3.1;
					};
				};
			};
			buildConfigurationList = 56CD32962426DE680097D76B /* Build configuration list for PBXProject "CSE 335 Project" */;
			compatibilityVersion = "Xcode 9.3";
			developmentRegion = en;
			hasScannedForEncodings = 0;
			knownRegions = (
				en,
				Base,
			);
			mainGroup = 56CD32922426DE680097D76B;
			productRefGroup = 56CD329C2426DE680097D76B /* Products */;
			projectDirPath = "";
			projectRoot = "";
			targets = (
				56CD329A2426DE680097D76B /* CSE 335 Project */,
			);
		};
/* End PBXProject section */

/* Begin PBXResourcesBuildPhase section */
		56CD32992426DE680097D76B /* Resources */ = {
			isa = PBXResourcesBuildPhase;
			buildActionMask = 2147483647;
			files = (
				56CD32AB2426DE690097D76B /* LaunchScreen.storyboard in Resources */,
				56CD32B32426DF180097D76B /* hiking.jpeg in Resources */,
				56E4677E244E9B6900986322 /* GoogleService-Info.plist in Resources */,
				56CD32A82426DE690097D76B /* Assets.xcassets in Resources */,
				56CD32A62426DE680097D76B /* Main.storyboard in Resources */,
			);
			runOnlyForDeploymentPostprocessing = 0;
		};
/* End PBXResourcesBuildPhase section */

/* Begin PBXShellScriptBuildPhase section */
		8F6F76556838F593BBC3D6F6 /* [CP] Embed Pods Frameworks */ = {
			isa = PBXShellScriptBuildPhase;
			buildActionMask = 2147483647;
			files = (
			);
			inputFileListPaths = (
				"${PODS_ROOT}/Target Support Files/Pods-CSE 335 Project/Pods-CSE 335 Project-frameworks-${CONFIGURATION}-input-files.xcfilelist",
			);
			name = "[CP] Embed Pods Frameworks";
			outputFileListPaths = (
				"${PODS_ROOT}/Target Support Files/Pods-CSE 335 Project/Pods-CSE 335 Project-frameworks-${CONFIGURATION}-output-files.xcfilelist",
			);
			runOnlyForDeploymentPostprocessing = 0;
			shellPath = /bin/sh;
			shellScript = "\"${PODS_ROOT}/Target Support Files/Pods-CSE 335 Project/Pods-CSE 335 Project-frameworks.sh\"\n";
			showEnvVarsInLog = 0;
		};
		DE1C9FAB7F0DAB7074818B83 /* [CP] Check Pods Manifest.lock */ = {
			isa = PBXShellScriptBuildPhase;
			buildActionMask = 2147483647;
			files = (
			);
			inputFileListPaths = (
			);
			inputPaths = (
				"${PODS_PODFILE_DIR_PATH}/Podfile.lock",
				"${PODS_ROOT}/Manifest.lock",
			);
			name = "[CP] Check Pods Manifest.lock";
			outputFileListPaths = (
			);
			outputPaths = (
				"$(DERIVED_FILE_DIR)/Pods-CSE 335 Project-checkManifestLockResult.txt",
			);
			runOnlyForDeploymentPostprocessing = 0;
			shellPath = /bin/sh;
			shellScript = "diff \"${PODS_PODFILE_DIR_PATH}/Podfile.lock\" \"${PODS_ROOT}/Manifest.lock\" > /dev/null\nif [ $? != 0 ] ; then\n    # print error to STDERR\n    echo \"error: The sandbox is not in sync with the Podfile.lock. Run 'pod install' or update your CocoaPods installation.\" >&2\n    exit 1\nfi\n# This output is used by Xcode 'outputs' to avoid re-running this script phase.\necho \"SUCCESS\" > \"${SCRIPT_OUTPUT_FILE_0}\"\n";
			showEnvVarsInLog = 0;
		};
/* End PBXShellScriptBuildPhase section */

/* Begin PBXSourcesBuildPhase section */
		56CD32972426DE680097D76B /* Sources */ = {
			isa = PBXSourcesBuildPhase;
			buildActionMask = 2147483647;
			files = (
				56CD32A32426DE680097D76B /* ViewController.swift in Sources */,
				56CD329F2426DE680097D76B /* AppDelegate.swift in Sources */,
				56CD32A12426DE680097D76B /* SceneDelegate.swift in Sources */,
				56CD32BB2426EE550097D76B /* MyTrailsViewController.swift in Sources */,
				56056FE3244FA68C0015BD10 /* MapViewController.swift in Sources */,
				56CD32B72426E1420097D76B /* Model.swift in Sources */,
				56056FDF244F8E750015BD10 /* MyTrailsTableViewCell.swift in Sources */,
				56C47F1F244FC5C400FF1C1F /* NearbyViewController.swift in Sources */,
				56CD32B92426E9190097D76B /* AddTrailViewController.swift in Sources */,
				56056FE1244F945C0015BD10 /* DetailViewController.swift in Sources */,
			);
			runOnlyForDeploymentPostprocessing = 0;
		};
/* End PBXSourcesBuildPhase section */

/* Begin PBXVariantGroup section */
		56CD32A42426DE680097D76B /* Main.storyboard */ = {
			isa = PBXVariantGroup;
			children = (
				56CD32A52426DE680097D76B /* Base */,
			);
			name = Main.storyboard;
			sourceTree = "<group>";
		};
		56CD32A92426DE690097D76B /* LaunchScreen.storyboard */ = {
			isa = PBXVariantGroup;
			children = (
				56CD32AA2426DE690097D76B /* Base */,
			);
			name = LaunchScreen.storyboard;
			sourceTree = "<group>";
		};
/* End PBXVariantGroup section */

/* Begin XCBuildConfiguration section */
		56CD32AD2426DE690097D76B /* Debug */ = {
			isa = XCBuildConfiguration;
			buildSettings = {
				ALWAYS_SEARCH_USER_PATHS = NO;
				CLANG_ANALYZER_NONNULL = YES;
				CLANG_ANALYZER_NUMBER_OBJECT_CONVERSION = YES_AGGRESSIVE;
				CLANG_CXX_LANGUAGE_STANDARD = "gnu++14";
				CLANG_CXX_LIBRARY = "libc++";
				CLANG_ENABLE_MODULES = YES;
				CLANG_ENABLE_OBJC_ARC = YES;
				CLANG_ENABLE_OBJC_WEAK = YES;
				CLANG_WARN_BLOCK_CAPTURE_AUTORELEASING = YES;
				CLANG_WARN_BOOL_CONVERSION = YES;
				CLANG_WARN_COMMA = YES;
				CLANG_WARN_CONSTANT_CONVERSION = YES;
				CLANG_WARN_DEPRECATED_OBJC_IMPLEMENTATIONS = YES;
				CLANG_WARN_DIRECT_OBJC_ISA_USAGE = YES_ERROR;
				CLANG_WARN_DOCUMENTATION_COMMENTS = YES;
				CLANG_WARN_EMPTY_BODY = YES;
				CLANG_WARN_ENUM_CONVERSION = YES;
				CLANG_WARN_INFINITE_RECURSION = YES;
				CLANG_WARN_INT_CONVERSION = YES;
				CLANG_WARN_NON_LITERAL_NULL_CONVERSION = YES;
				CLANG_WARN_OBJC_IMPLICIT_RETAIN_SELF = YES;
				CLANG_WARN_OBJC_LITERAL_CONVERSION = YES;
				CLANG_WARN_OBJC_ROOT_CLASS = YES_ERROR;
				CLANG_WARN_RANGE_LOOP_ANALYSIS = YES;
				CLANG_WARN_STRICT_PROTOTYPES = YES;
				CLANG_WARN_SUSPICIOUS_MOVE = YES;
				CLANG_WARN_UNGUARDED_AVAILABILITY = YES_AGGRESSIVE;
				CLANG_WARN_UNREACHABLE_CODE = YES;
				CLANG_WARN__DUPLICATE_METHOD_MATCH = YES;
				COPY_PHASE_STRIP = NO;
				DEBUG_INFORMATION_FORMAT = dwarf;
				ENABLE_STRICT_OBJC_MSGSEND = YES;
				ENABLE_TESTABILITY = YES;
				GCC_C_LANGUAGE_STANDARD = gnu11;
				GCC_DYNAMIC_NO_PIC = NO;
				GCC_NO_COMMON_BLOCKS = YES;
				GCC_OPTIMIZATION_LEVEL = 0;
				GCC_PREPROCESSOR_DEFINITIONS = (
					"DEBUG=1",
					"$(inherited)",
				);
				GCC_WARN_64_TO_32_BIT_CONVERSION = YES;
				GCC_WARN_ABOUT_RETURN_TYPE = YES_ERROR;
				GCC_WARN_UNDECLARED_SELECTOR = YES;
				GCC_WARN_UNINITIALIZED_AUTOS = YES_AGGRESSIVE;
				GCC_WARN_UNUSED_FUNCTION = YES;
				GCC_WARN_UNUSED_VARIABLE = YES;
				IPHONEOS_DEPLOYMENT_TARGET = 13.2;
				MTL_ENABLE_DEBUG_INFO = INCLUDE_SOURCE;
				MTL_FAST_MATH = YES;
				ONLY_ACTIVE_ARCH = YES;
				SDKROOT = iphoneos;
				SWIFT_ACTIVE_COMPILATION_CONDITIONS = DEBUG;
				SWIFT_OPTIMIZATION_LEVEL = "-Onone";
			};
			name = Debug;
		};
		56CD32AE2426DE690097D76B /* Release */ = {
			isa = XCBuildConfiguration;
			buildSettings = {
				ALWAYS_SEARCH_USER_PATHS = NO;
				CLANG_ANALYZER_NONNULL = YES;
				CLANG_ANALYZER_NUMBER_OBJECT_CONVERSION = YES_AGGRESSIVE;
				CLANG_CXX_LANGUAGE_STANDARD = "gnu++14";
				CLANG_CXX_LIBRARY = "libc++";
				CLANG_ENABLE_MODULES = YES;
				CLANG_ENABLE_OBJC_ARC = YES;
				CLANG_ENABLE_OBJC_WEAK = YES;
				CLANG_WARN_BLOCK_CAPTURE_AUTORELEASING = YES;
				CLANG_WARN_BOOL_CONVERSION = YES;
				CLANG_WARN_COMMA = YES;
				CLANG_WARN_CONSTANT_CONVERSION = YES;
				CLANG_WARN_DEPRECATED_OBJC_IMPLEMENTATIONS = YES;
				CLANG_WARN_DIRECT_OBJC_ISA_USAGE = YES_ERROR;
				CLANG_WARN_DOCUMENTATION_COMMENTS = YES;
				CLANG_WARN_EMPTY_BODY = YES;
				CLANG_WARN_ENUM_CONVERSION = YES;
				CLANG_WARN_INFINITE_RECURSION = YES;
				CLANG_WARN_INT_CONVERSION = YES;
				CLANG_WARN_NON_LITERAL_NULL_CONVERSION = YES;
				CLANG_WARN_OBJC_IMPLICIT_RETAIN_SELF = YES;
				CLANG_WARN_OBJC_LITERAL_CONVERSION = YES;
				CLANG_WARN_OBJC_ROOT_CLASS = YES_ERROR;
				CLANG_WARN_RANGE_LOOP_ANALYSIS = YES;
				CLANG_WARN_STRICT_PROTOTYPES = YES;
				CLANG_WARN_SUSPICIOUS_MOVE = YES;
				CLANG_WARN_UNGUARDED_AVAILABILITY = YES_AGGRESSIVE;
				CLANG_WARN_UNREACHABLE_CODE = YES;
				CLANG_WARN__DUPLICATE_METHOD_MATCH = YES;
				COPY_PHASE_STRIP = NO;
				DEBUG_INFORMATION_FORMAT = "dwarf-with-dsym";
				ENABLE_NS_ASSERTIONS = NO;
				ENABLE_STRICT_OBJC_MSGSEND = YES;
				GCC_C_LANGUAGE_STANDARD = gnu11;
				GCC_NO_COMMON_BLOCKS = YES;
				GCC_WARN_64_TO_32_BIT_CONVERSION = YES;
				GCC_WARN_ABOUT_RETURN_TYPE = YES_ERROR;
				GCC_WARN_UNDECLARED_SELECTOR = YES;
				GCC_WARN_UNINITIALIZED_AUTOS = YES_AGGRESSIVE;
				GCC_WARN_UNUSED_FUNCTION = YES;
				GCC_WARN_UNUSED_VARIABLE = YES;
				IPHONEOS_DEPLOYMENT_TARGET = 13.2;
				MTL_ENABLE_DEBUG_INFO = NO;
				MTL_FAST_MATH = YES;
				SDKROOT = iphoneos;
				SWIFT_COMPILATION_MODE = wholemodule;
				SWIFT_OPTIMIZATION_LEVEL = "-O";
				VALIDATE_PRODUCT = YES;
			};
			name = Release;
		};
		56CD32B02426DE690097D76B /* Debug */ = {
			isa = XCBuildConfiguration;
			baseConfigurationReference = 2858C8ADE686606790C65613 /* Pods-CSE 335 Project.debug.xcconfig */;
			buildSettings = {
				ASSETCATALOG_COMPILER_APPICON_NAME = AppIcon;
				CODE_SIGN_STYLE = Automatic;
				DEVELOPMENT_TEAM = Z5M38HR452;
				INFOPLIST_FILE = "CSE 335 Project/Info.plist";
				LD_RUNPATH_SEARCH_PATHS = (
					"$(inherited)",
					"@executable_path/Frameworks",
				);
				PRODUCT_BUNDLE_IDENTIFIER = "ASU.CSE-335-Project";
				PRODUCT_NAME = "$(TARGET_NAME)";
				SWIFT_VERSION = 5.0;
				TARGETED_DEVICE_FAMILY = "1,2";
			};
			name = Debug;
		};
		56CD32B12426DE690097D76B /* Release */ = {
			isa = XCBuildConfiguration;
			baseConfigurationReference = A3AFFD04A02F82B51099CC16 /* Pods-CSE 335 Project.release.xcconfig */;
			buildSettings = {
				ASSETCATALOG_COMPILER_APPICON_NAME = AppIcon;
				CODE_SIGN_STYLE = Automatic;
				DEVELOPMENT_TEAM = Z5M38HR452;
				INFOPLIST_FILE = "CSE 335 Project/Info.plist";
				LD_RUNPATH_SEARCH_PATHS = (
					"$(inherited)",
					"@executable_path/Frameworks",
				);
				PRODUCT_BUNDLE_IDENTIFIER = "ASU.CSE-335-Project";
				PRODUCT_NAME = "$(TARGET_NAME)";
				SWIFT_VERSION = 5.0;
				TARGETED_DEVICE_FAMILY = "1,2";
			};
			name = Release;
		};
/* End XCBuildConfiguration section */

/* Begin XCConfigurationList section */
		56CD32962426DE680097D76B /* Build configuration list for PBXProject "CSE 335 Project" */ = {
			isa = XCConfigurationList;
			buildConfigurations = (
				56CD32AD2426DE690097D76B /* Debug */,
				56CD32AE2426DE690097D76B /* Release */,
			);
			defaultConfigurationIsVisible = 0;
			defaultConfigurationName = Release;
		};
		56CD32AF2426DE690097D76B /* Build configuration list for PBXNativeTarget "CSE 335 Project" */ = {
			isa = XCConfigurationList;
			buildConfigurations = (
				56CD32B02426DE690097D76B /* Debug */,
				56CD32B12426DE690097D76B /* Release */,
			);
			defaultConfigurationIsVisible = 0;
			defaultConfigurationName = Release;
		};
/* End XCConfigurationList section */
	};
	rootObject = 56CD32932426DE680097D76B /* Project object */;
}
